// !$*UTF8*$!
{
	archiveVersion = 1;
	classes = {
	};
	objectVersion = 46;
	objects = {

/* Begin PBXBuildFile section */
		085A545B2216D6E400183FD3 /* G8Tesseract.mm in Sources */ = {isa = PBXBuildFile; fileRef = 64A029D717307CD0002B12E7 /* G8Tesseract.mm */; };
		085A545C2216D6E400183FD3 /* G8RecognizedBlock.m in Sources */ = {isa = PBXBuildFile; fileRef = 41B41A501A42ED7600D46246 /* G8RecognizedBlock.m */; };
		085A545D2216D6E400183FD3 /* G8RecognitionOperation.m in Sources */ = {isa = PBXBuildFile; fileRef = 41A95DED1A3AFBF30085093C /* G8RecognitionOperation.m */; };
		085A545E2216D6E400183FD3 /* G8TesseractParameters.m in Sources */ = {isa = PBXBuildFile; fileRef = 41A95DE91A3AF39B0085093C /* G8TesseractParameters.m */; };
		085A545F2216D6E400183FD3 /* UIImage+G8Filters.m in Sources */ = {isa = PBXBuildFile; fileRef = 6490748B198A5A5600D728CC /* UIImage+G8Filters.m */; };
		085A54602216D6E400183FD3 /* UIImage+G8FixOrientation.m in Sources */ = {isa = PBXBuildFile; fileRef = 413F03311A5FBBDD000C194B /* UIImage+G8FixOrientation.m */; };
		085A54652216D70A00183FD3 /* libLeptonica.a in Frameworks */ = {isa = PBXBuildFile; fileRef = 085A544C2216D6AE00183FD3 /* libLeptonica.a */; };
		085A54662216D70A00183FD3 /* libtesseract.a in Frameworks */ = {isa = PBXBuildFile; fileRef = 085A54452216D6A800183FD3 /* libtesseract.a */; };
/* End PBXBuildFile section */

/* Begin PBXContainerItemProxy section */
		085A54442216D6A800183FD3 /* PBXContainerItemProxy */ = {
			isa = PBXContainerItemProxy;
			containerPortal = 085A543F2216D6A800183FD3 /* Tesseract.xcodeproj */;
			proxyType = 2;
			remoteGlobalIDString = 08D4F54721089D6A00BEB3D1;
			remoteInfo = Tesseract;
		};
		085A544B2216D6AE00183FD3 /* PBXContainerItemProxy */ = {
			isa = PBXContainerItemProxy;
			containerPortal = 085A54462216D6AE00183FD3 /* Leptonica.xcodeproj */;
			proxyType = 2;
			remoteGlobalIDString = 085A491F2216C15200183FD3;
			remoteInfo = Leptonica;
		};
		085A54612216D70200183FD3 /* PBXContainerItemProxy */ = {
			isa = PBXContainerItemProxy;
			containerPortal = 085A54462216D6AE00183FD3 /* Leptonica.xcodeproj */;
			proxyType = 1;
			remoteGlobalIDString = 085A491E2216C15200183FD3;
			remoteInfo = Leptonica;
		};
		085A54632216D70200183FD3 /* PBXContainerItemProxy */ = {
			isa = PBXContainerItemProxy;
			containerPortal = 085A543F2216D6A800183FD3 /* Tesseract.xcodeproj */;
			proxyType = 1;
			remoteGlobalIDString = 08D4F54621089D6A00BEB3D1;
			remoteInfo = Tesseract;
		};
/* End PBXContainerItemProxy section */

/* Begin PBXCopyFilesBuildPhase section */
		085A544F2216D6CC00183FD3 /* CopyFiles */ = {
			isa = PBXCopyFilesBuildPhase;
			buildActionMask = 2147483647;
			dstPath = "include/$(PRODUCT_NAME)";
			dstSubfolderSpec = 16;
			files = (
			);
			runOnlyForDeploymentPostprocessing = 0;
		};
/* End PBXCopyFilesBuildPhase section */

/* Begin PBXFileReference section */
		085A543F2216D6A800183FD3 /* Tesseract.xcodeproj */ = {isa = PBXFileReference; lastKnownFileType = "wrapper.pb-project"; name = Tesseract.xcodeproj; path = Tesseract3/Tesseract/Tesseract.xcodeproj; sourceTree = "<group>"; };
		085A54462216D6AE00183FD3 /* Leptonica.xcodeproj */ = {isa = PBXFileReference; lastKnownFileType = "wrapper.pb-project"; name = Leptonica.xcodeproj; path = Tesseract3/Leptonica/Leptonica.xcodeproj; sourceTree = "<group>"; };
		085A54512216D6CC00183FD3 /* libg8Tesseract.a */ = {isa = PBXFileReference; explicitFileType = archive.ar; includeInIndex = 0; path = libg8Tesseract.a; sourceTree = BUILT_PRODUCTS_DIR; };
		413F03301A5FBBDD000C194B /* UIImage+G8FixOrientation.h */ = {isa = PBXFileReference; fileEncoding = 4; lastKnownFileType = sourcecode.c.h; path = "UIImage+G8FixOrientation.h"; sourceTree = "<group>"; };
		413F03311A5FBBDD000C194B /* UIImage+G8FixOrientation.m */ = {isa = PBXFileReference; fileEncoding = 4; lastKnownFileType = sourcecode.c.objc; path = "UIImage+G8FixOrientation.m"; sourceTree = "<group>"; };
		4141211F1A4C578800583ED4 /* G8TesseractDelegate.h */ = {isa = PBXFileReference; lastKnownFileType = sourcecode.c.h; path = G8TesseractDelegate.h; sourceTree = "<group>"; };
		418997A71A42CC8B00D6477C /* G8Constants.h */ = {isa = PBXFileReference; fileEncoding = 4; lastKnownFileType = sourcecode.c.h; path = G8Constants.h; sourceTree = "<group>"; };
		41A95DE81A3AF39B0085093C /* G8TesseractParameters.h */ = {isa = PBXFileReference; fileEncoding = 4; lastKnownFileType = sourcecode.c.h; path = G8TesseractParameters.h; sourceTree = "<group>"; };
		41A95DE91A3AF39B0085093C /* G8TesseractParameters.m */ = {isa = PBXFileReference; fileEncoding = 4; lastKnownFileType = sourcecode.c.objc; path = G8TesseractParameters.m; sourceTree = "<group>"; };
		41A95DEC1A3AFBF30085093C /* G8RecognitionOperation.h */ = {isa = PBXFileReference; fileEncoding = 4; lastKnownFileType = sourcecode.c.h; path = G8RecognitionOperation.h; sourceTree = "<group>"; };
		41A95DED1A3AFBF30085093C /* G8RecognitionOperation.m */ = {isa = PBXFileReference; fileEncoding = 4; lastKnownFileType = sourcecode.c.objc; path = G8RecognitionOperation.m; sourceTree = "<group>"; };
		41B41A4F1A42ED7600D46246 /* G8RecognizedBlock.h */ = {isa = PBXFileReference; fileEncoding = 4; lastKnownFileType = sourcecode.c.h; path = G8RecognizedBlock.h; sourceTree = "<group>"; };
		41B41A501A42ED7600D46246 /* G8RecognizedBlock.m */ = {isa = PBXFileReference; fileEncoding = 4; lastKnownFileType = sourcecode.c.objc; path = G8RecognizedBlock.m; sourceTree = "<group>"; };
		646772C318083B5600C85662 /* README.md */ = {isa = PBXFileReference; fileEncoding = 4; lastKnownFileType = text; name = README.md; path = ../README.md; sourceTree = "<group>"; };
		6490748A198A5A5600D728CC /* UIImage+G8Filters.h */ = {isa = PBXFileReference; fileEncoding = 4; lastKnownFileType = sourcecode.c.h; path = "UIImage+G8Filters.h"; sourceTree = "<group>"; };
		6490748B198A5A5600D728CC /* UIImage+G8Filters.m */ = {isa = PBXFileReference; fileEncoding = 4; lastKnownFileType = sourcecode.c.objc; path = "UIImage+G8Filters.m"; sourceTree = "<group>"; };
		64907492198A6B9E00D728CC /* CoreImage.framework */ = {isa = PBXFileReference; lastKnownFileType = wrapper.framework; name = CoreImage.framework; path = System/Library/Frameworks/CoreImage.framework; sourceTree = SDKROOT; };
		64A0292D17307C1D002B12E7 /* CoreFoundation.framework */ = {isa = PBXFileReference; lastKnownFileType = wrapper.framework; name = CoreFoundation.framework; path = System/Library/Frameworks/CoreFoundation.framework; sourceTree = SDKROOT; };
		64A0293117307C1D002B12E7 /* TesseractOCR-Info.plist */ = {isa = PBXFileReference; lastKnownFileType = text.plist.xml; path = "TesseractOCR-Info.plist"; sourceTree = "<group>"; };
		64A0293317307C1D002B12E7 /* en */ = {isa = PBXFileReference; lastKnownFileType = text.plist.strings; name = en; path = en.lproj/InfoPlist.strings; sourceTree = "<group>"; };
		64A0293517307C1D002B12E7 /* TesseractOCR-Prefix.pch */ = {isa = PBXFileReference; lastKnownFileType = sourcecode.c.h; path = "TesseractOCR-Prefix.pch"; sourceTree = "<group>"; };
		64A029D617307CD0002B12E7 /* G8Tesseract.h */ = {isa = PBXFileReference; fileEncoding = 4; lastKnownFileType = sourcecode.c.h; path = G8Tesseract.h; sourceTree = "<group>"; };
		64A029D717307CD0002B12E7 /* G8Tesseract.mm */ = {isa = PBXFileReference; fileEncoding = 4; lastKnownFileType = sourcecode.cpp.objcpp; path = G8Tesseract.mm; sourceTree = "<group>"; };
		64F74CCC172FD75F0068E657 /* Foundation.framework */ = {isa = PBXFileReference; lastKnownFileType = wrapper.framework; name = Foundation.framework; path = System/Library/Frameworks/Foundation.framework; sourceTree = SDKROOT; };
		64F74D77172FD8E90068E657 /* UIKit.framework */ = {isa = PBXFileReference; lastKnownFileType = wrapper.framework; name = UIKit.framework; path = System/Library/Frameworks/UIKit.framework; sourceTree = SDKROOT; };
		73C0A7B11A594A8000D823D4 /* TesseractOCR.h */ = {isa = PBXFileReference; fileEncoding = 4; lastKnownFileType = sourcecode.c.h; path = TesseractOCR.h; sourceTree = "<group>"; };
		9EBE7FA21B428F5800BF18E3 /* G8Tesseract+PDFRendering.h */ = {isa = PBXFileReference; fileEncoding = 4; lastKnownFileType = sourcecode.c.h; path = "G8Tesseract+PDFRendering.h"; sourceTree = "<group>"; };
/* End PBXFileReference section */

/* Begin PBXFrameworksBuildPhase section */
		085A544E2216D6CC00183FD3 /* Frameworks */ = {
			isa = PBXFrameworksBuildPhase;
			buildActionMask = 2147483647;
			files = (
				085A54652216D70A00183FD3 /* libLeptonica.a in Frameworks */,
				085A54662216D70A00183FD3 /* libtesseract.a in Frameworks */,
			);
			runOnlyForDeploymentPostprocessing = 0;
		};
/* End PBXFrameworksBuildPhase section */

/* Begin PBXGroup section */
		085A54402216D6A800183FD3 /* Products */ = {
			isa = PBXGroup;
			children = (
				085A54452216D6A800183FD3 /* libtesseract.a */,
			);
			name = Products;
			sourceTree = "<group>";
		};
		085A54472216D6AE00183FD3 /* Products */ = {
			isa = PBXGroup;
			children = (
				085A544C2216D6AE00183FD3 /* libLeptonica.a */,
			);
			name = Products;
			sourceTree = "<group>";
		};
		41C7E8211A3F0650000DC42B /* Readme */ = {
			isa = PBXGroup;
			children = (
				646772C318083B5600C85662 /* README.md */,
			);
			name = Readme;
			sourceTree = "<group>";
		};
		64A0292F17307C1D002B12E7 /* TesseractOCR */ = {
			isa = PBXGroup;
			children = (
				73C0A7B11A594A8000D823D4 /* TesseractOCR.h */,
				9EBE7FA21B428F5800BF18E3 /* G8Tesseract+PDFRendering.h */,
				64A029D617307CD0002B12E7 /* G8Tesseract.h */,
				64A029D717307CD0002B12E7 /* G8Tesseract.mm */,
				4141211F1A4C578800583ED4 /* G8TesseractDelegate.h */,
				41B41A4F1A42ED7600D46246 /* G8RecognizedBlock.h */,
				41B41A501A42ED7600D46246 /* G8RecognizedBlock.m */,
				41A95DEC1A3AFBF30085093C /* G8RecognitionOperation.h */,
				41A95DED1A3AFBF30085093C /* G8RecognitionOperation.m */,
				41A95DE81A3AF39B0085093C /* G8TesseractParameters.h */,
				41A95DE91A3AF39B0085093C /* G8TesseractParameters.m */,
				418997A71A42CC8B00D6477C /* G8Constants.h */,
				6490748A198A5A5600D728CC /* UIImage+G8Filters.h */,
				6490748B198A5A5600D728CC /* UIImage+G8Filters.m */,
				413F03301A5FBBDD000C194B /* UIImage+G8FixOrientation.h */,
				413F03311A5FBBDD000C194B /* UIImage+G8FixOrientation.m */,
				41C7E8211A3F0650000DC42B /* Readme */,
				64A0293017307C1D002B12E7 /* Supporting Files */,
			);
			path = TesseractOCR;
			sourceTree = "<group>";
		};
		64A0293017307C1D002B12E7 /* Supporting Files */ = {
			isa = PBXGroup;
			children = (
				64A0293117307C1D002B12E7 /* TesseractOCR-Info.plist */,
				64A0293217307C1D002B12E7 /* InfoPlist.strings */,
				64A0293517307C1D002B12E7 /* TesseractOCR-Prefix.pch */,
			);
			name = "Supporting Files";
			sourceTree = "<group>";
		};
		64F74CC0172FD75F0068E657 = {
			isa = PBXGroup;
			children = (
				085A54462216D6AE00183FD3 /* Leptonica.xcodeproj */,
				085A543F2216D6A800183FD3 /* Tesseract.xcodeproj */,
				64A0292F17307C1D002B12E7 /* TesseractOCR */,
				64F74CCB172FD75F0068E657 /* Frameworks */,
				085A54512216D6CC00183FD3 /* libg8Tesseract.a */,
			);
			sourceTree = "<group>";
		};
		64F74CCB172FD75F0068E657 /* Frameworks */ = {
			isa = PBXGroup;
			children = (
				64907492198A6B9E00D728CC /* CoreImage.framework */,
				64F74D77172FD8E90068E657 /* UIKit.framework */,
				64F74CCC172FD75F0068E657 /* Foundation.framework */,
				64A0292D17307C1D002B12E7 /* CoreFoundation.framework */,
			);
			name = Frameworks;
			sourceTree = "<group>";
		};
/* End PBXGroup section */

/* Begin PBXNativeTarget section */
		085A54502216D6CC00183FD3 /* g8Tesseract */ = {
			isa = PBXNativeTarget;
			buildConfigurationList = 085A54572216D6CC00183FD3 /* Build configuration list for PBXNativeTarget "g8Tesseract" */;
			buildPhases = (
				085A544D2216D6CC00183FD3 /* Sources */,
				085A544E2216D6CC00183FD3 /* Frameworks */,
				085A544F2216D6CC00183FD3 /* CopyFiles */,
			);
			buildRules = (
			);
			dependencies = (
				085A54622216D70200183FD3 /* PBXTargetDependency */,
				085A54642216D70200183FD3 /* PBXTargetDependency */,
			);
			name = g8Tesseract;
			productName = g8Tesseract;
			productReference = 085A54512216D6CC00183FD3 /* libg8Tesseract.a */;
			productType = "com.apple.product-type.library.static";
		};
/* End PBXNativeTarget section */

/* Begin PBXProject section */
		64F74CC1172FD75F0068E657 /* Project object */ = {
			isa = PBXProject;
			attributes = {
				CLASSPREFIX = G8;
				LastUpgradeCheck = 1010;
				ORGANIZATIONNAME = "Daniele Galiotto - www.g8production.com";
				TargetAttributes = {
					085A54502216D6CC00183FD3 = {
						CreatedOnToolsVersion = 10.1;
						DevelopmentTeam = VZ266K5KCR;
						ProvisioningStyle = Automatic;
					};
				};
			};
			buildConfigurationList = 64F74CC4172FD75F0068E657 /* Build configuration list for PBXProject "Tesseract OCR iOS" */;
			compatibilityVersion = "Xcode 3.2";
			developmentRegion = English;
			hasScannedForEncodings = 0;
			knownRegions = (
				en,
			);
			mainGroup = 64F74CC0172FD75F0068E657;
			productRefGroup = 64F74CC0172FD75F0068E657;
			projectDirPath = "";
			projectReferences = (
				{
					ProductGroup = 085A54472216D6AE00183FD3 /* Products */;
					ProjectRef = 085A54462216D6AE00183FD3 /* Leptonica.xcodeproj */;
				},
				{
					ProductGroup = 085A54402216D6A800183FD3 /* Products */;
					ProjectRef = 085A543F2216D6A800183FD3 /* Tesseract.xcodeproj */;
				},
			);
			projectRoot = "";
			targets = (
				085A54502216D6CC00183FD3 /* g8Tesseract */,
			);
		};
/* End PBXProject section */

/* Begin PBXReferenceProxy section */
		085A54452216D6A800183FD3 /* libtesseract.a */ = {
			isa = PBXReferenceProxy;
			fileType = archive.ar;
			path = libtesseract.a;
			remoteRef = 085A54442216D6A800183FD3 /* PBXContainerItemProxy */;
			sourceTree = BUILT_PRODUCTS_DIR;
		};
		085A544C2216D6AE00183FD3 /* libLeptonica.a */ = {
			isa = PBXReferenceProxy;
			fileType = archive.ar;
			path = libLeptonica.a;
			remoteRef = 085A544B2216D6AE00183FD3 /* PBXContainerItemProxy */;
			sourceTree = BUILT_PRODUCTS_DIR;
		};
/* End PBXReferenceProxy section */

/* Begin PBXSourcesBuildPhase section */
		085A544D2216D6CC00183FD3 /* Sources */ = {
			isa = PBXSourcesBuildPhase;
			buildActionMask = 2147483647;
			files = (
				085A545D2216D6E400183FD3 /* G8RecognitionOperation.m in Sources */,
				085A54602216D6E400183FD3 /* UIImage+G8FixOrientation.m in Sources */,
				085A545C2216D6E400183FD3 /* G8RecognizedBlock.m in Sources */,
				085A545F2216D6E400183FD3 /* UIImage+G8Filters.m in Sources */,
				085A545E2216D6E400183FD3 /* G8TesseractParameters.m in Sources */,
				085A545B2216D6E400183FD3 /* G8Tesseract.mm in Sources */,
			);
			runOnlyForDeploymentPostprocessing = 0;
		};
/* End PBXSourcesBuildPhase section */

/* Begin PBXTargetDependency section */
		085A54622216D70200183FD3 /* PBXTargetDependency */ = {
			isa = PBXTargetDependency;
			name = Leptonica;
			targetProxy = 085A54612216D70200183FD3 /* PBXContainerItemProxy */;
		};
		085A54642216D70200183FD3 /* PBXTargetDependency */ = {
			isa = PBXTargetDependency;
			name = Tesseract;
			targetProxy = 085A54632216D70200183FD3 /* PBXContainerItemProxy */;
		};
/* End PBXTargetDependency section */

/* Begin PBXVariantGroup section */
		64A0293217307C1D002B12E7 /* InfoPlist.strings */ = {
			isa = PBXVariantGroup;
			children = (
				64A0293317307C1D002B12E7 /* en */,
			);
			name = InfoPlist.strings;
			sourceTree = "<group>";
		};
/* End PBXVariantGroup section */

/* Begin XCBuildConfiguration section */
		085A54582216D6CC00183FD3 /* Debug */ = {
			isa = XCBuildConfiguration;
			buildSettings = {
				ARCHS = "$(ARCHS_STANDARD)";
				BITCODE_GENERATION_MODE = bitcode;
				CLANG_ANALYZER_NONNULL = YES;
				CLANG_ANALYZER_NUMBER_OBJECT_CONVERSION = YES_AGGRESSIVE;
				CLANG_CXX_LANGUAGE_STANDARD = "c++17";
				CLANG_CXX_LIBRARY = "libc++";
				CLANG_ENABLE_MODULES = YES;
				CLANG_ENABLE_OBJC_WEAK = YES;
				CLANG_WARN_BLOCK_CAPTURE_AUTORELEASING = YES;
				CLANG_WARN_BOOL_CONVERSION = YES;
				CLANG_WARN_COMMA = YES;
				CLANG_WARN_DEPRECATED_OBJC_IMPLEMENTATIONS = YES;
				CLANG_WARN_DIRECT_OBJC_ISA_USAGE = YES_ERROR;
				CLANG_WARN_DOCUMENTATION_COMMENTS = NO;
				CLANG_WARN_INFINITE_RECURSION = YES;
				CLANG_WARN_NON_LITERAL_NULL_CONVERSION = YES;
				CLANG_WARN_OBJC_IMPLICIT_RETAIN_SELF = YES;
				CLANG_WARN_OBJC_LITERAL_CONVERSION = YES;
				CLANG_WARN_OBJC_ROOT_CLASS = YES_ERROR;
				CLANG_WARN_RANGE_LOOP_ANALYSIS = YES;
				CLANG_WARN_STRICT_PROTOTYPES = YES;
				CLANG_WARN_SUSPICIOUS_MOVE = YES;
				CLANG_WARN_UNGUARDED_AVAILABILITY = YES_AGGRESSIVE;
				CLANG_WARN_UNREACHABLE_CODE = YES;
				CODE_SIGN_IDENTITY = "iPhone Developer";
				CODE_SIGN_STYLE = Automatic;
				DEBUG_INFORMATION_FORMAT = dwarf;
				DEVELOPMENT_TEAM = VZ266K5KCR;
				ENABLE_STRICT_OBJC_MSGSEND = YES;
				ENABLE_TESTABILITY = YES;
				GCC_C_LANGUAGE_STANDARD = gnu11;
				GCC_NO_COMMON_BLOCKS = YES;
				GCC_SYMBOLS_PRIVATE_EXTERN = NO;
				GCC_WARN_64_TO_32_BIT_CONVERSION = YES;
				GCC_WARN_ABOUT_RETURN_TYPE = YES_ERROR;
				GCC_WARN_UNDECLARED_SELECTOR = YES;
				GCC_WARN_UNINITIALIZED_AUTOS = YES_AGGRESSIVE;
				GCC_WARN_UNUSED_FUNCTION = YES;
				IPHONEOS_DEPLOYMENT_TARGET = 9.0;
				LIBRARY_SEARCH_PATHS = (
					"$(inherited)",
					"$(PROJECT_DIR)/TesseractOCR/lib",
				);
				MTL_ENABLE_DEBUG_INFO = INCLUDE_SOURCE;
				MTL_FAST_MATH = YES;
				OTHER_CFLAGS = "-fembed-bitcode-marker";
				OTHER_CPLUSPLUSFLAGS = "$(OTHER_CFLAGS)";
				OTHER_LDFLAGS = "-ObjC";
				PRODUCT_NAME = "$(TARGET_NAME)";
				SKIP_INSTALL = YES;
				STRIP_STYLE = debugging;
				TARGETED_DEVICE_FAMILY = "1,2";
				USER_HEADER_SEARCH_PATHS = "$(PROJECT_DIR)/Tesseract3/**";
				VALID_ARCHS = "$(ARCHS_STANDARD) x86_64 i386";
			};
			name = Debug;
		};
		085A54592216D6CC00183FD3 /* Coverage */ = {
			isa = XCBuildConfiguration;
			buildSettings = {
				ARCHS = "$(ARCHS_STANDARD)";
				BITCODE_GENERATION_MODE = bitcode;
				CLANG_ANALYZER_NONNULL = YES;
				CLANG_ANALYZER_NUMBER_OBJECT_CONVERSION = YES_AGGRESSIVE;
				CLANG_CXX_LANGUAGE_STANDARD = "c++17";
				CLANG_CXX_LIBRARY = "libc++";
				CLANG_ENABLE_MODULES = YES;
				CLANG_ENABLE_OBJC_WEAK = YES;
				CLANG_WARN_BLOCK_CAPTURE_AUTORELEASING = YES;
				CLANG_WARN_BOOL_CONVERSION = YES;
				CLANG_WARN_COMMA = YES;
				CLANG_WARN_DEPRECATED_OBJC_IMPLEMENTATIONS = YES;
				CLANG_WARN_DIRECT_OBJC_ISA_USAGE = YES_ERROR;
				CLANG_WARN_DOCUMENTATION_COMMENTS = NO;
				CLANG_WARN_INFINITE_RECURSION = YES;
				CLANG_WARN_NON_LITERAL_NULL_CONVERSION = YES;
				CLANG_WARN_OBJC_IMPLICIT_RETAIN_SELF = YES;
				CLANG_WARN_OBJC_LITERAL_CONVERSION = YES;
				CLANG_WARN_OBJC_ROOT_CLASS = YES_ERROR;
				CLANG_WARN_RANGE_LOOP_ANALYSIS = YES;
				CLANG_WARN_STRICT_PROTOTYPES = YES;
				CLANG_WARN_SUSPICIOUS_MOVE = YES;
				CLANG_WARN_UNGUARDED_AVAILABILITY = YES_AGGRESSIVE;
				CLANG_WARN_UNREACHABLE_CODE = YES;
				CODE_SIGN_IDENTITY = "iPhone Developer";
				CODE_SIGN_STYLE = Automatic;
				COPY_PHASE_STRIP = NO;
				DEBUG_INFORMATION_FORMAT = "dwarf-with-dsym";
				DEVELOPMENT_TEAM = VZ266K5KCR;
				ENABLE_NS_ASSERTIONS = NO;
				ENABLE_STRICT_OBJC_MSGSEND = YES;
				GCC_C_LANGUAGE_STANDARD = gnu11;
				GCC_NO_COMMON_BLOCKS = YES;
				GCC_SYMBOLS_PRIVATE_EXTERN = NO;
				GCC_WARN_64_TO_32_BIT_CONVERSION = YES;
				GCC_WARN_ABOUT_RETURN_TYPE = YES_ERROR;
				GCC_WARN_UNDECLARED_SELECTOR = YES;
				GCC_WARN_UNINITIALIZED_AUTOS = YES_AGGRESSIVE;
				GCC_WARN_UNUSED_FUNCTION = YES;
				IPHONEOS_DEPLOYMENT_TARGET = 9.0;
				LIBRARY_SEARCH_PATHS = (
					"$(inherited)",
					"$(PROJECT_DIR)/TesseractOCR/lib",
				);
				MTL_ENABLE_DEBUG_INFO = NO;
				MTL_FAST_MATH = YES;
				OTHER_CFLAGS = "-fembed-bitcode";
				OTHER_CPLUSPLUSFLAGS = "$(OTHER_CFLAGS)";
				OTHER_LDFLAGS = "-ObjC";
				PRODUCT_NAME = "$(TARGET_NAME)";
				SKIP_INSTALL = YES;
				STRIP_STYLE = debugging;
				TARGETED_DEVICE_FAMILY = "1,2";
				USER_HEADER_SEARCH_PATHS = "$(PROJECT_DIR)/Tesseract3/**";
				VALID_ARCHS = "$(ARCHS_STANDARD) x86_64 i386";
			};
			name = Coverage;
		};
		085A545A2216D6CC00183FD3 /* Release */ = {
			isa = XCBuildConfiguration;
			buildSettings = {
				ARCHS = "$(ARCHS_STANDARD)";
				BITCODE_GENERATION_MODE = bitcode;
				CLANG_ANALYZER_NONNULL = YES;
				CLANG_ANALYZER_NUMBER_OBJECT_CONVERSION = YES_AGGRESSIVE;
				CLANG_CXX_LANGUAGE_STANDARD = "c++17";
				CLANG_CXX_LIBRARY = "libc++";
				CLANG_ENABLE_MODULES = YES;
				CLANG_ENABLE_OBJC_WEAK = YES;
				CLANG_WARN_BLOCK_CAPTURE_AUTORELEASING = YES;
				CLANG_WARN_BOOL_CONVERSION = YES;
				CLANG_WARN_COMMA = YES;
				CLANG_WARN_DEPRECATED_OBJC_IMPLEMENTATIONS = YES;
				CLANG_WARN_DIRECT_OBJC_ISA_USAGE = YES_ERROR;
				CLANG_WARN_DOCUMENTATION_COMMENTS = NO;
				CLANG_WARN_INFINITE_RECURSION = YES;
				CLANG_WARN_NON_LITERAL_NULL_CONVERSION = YES;
				CLANG_WARN_OBJC_IMPLICIT_RETAIN_SELF = YES;
				CLANG_WARN_OBJC_LITERAL_CONVERSION = YES;
				CLANG_WARN_OBJC_ROOT_CLASS = YES_ERROR;
				CLANG_WARN_RANGE_LOOP_ANALYSIS = YES;
				CLANG_WARN_STRICT_PROTOTYPES = YES;
				CLANG_WARN_SUSPICIOUS_MOVE = YES;
				CLANG_WARN_UNGUARDED_AVAILABILITY = YES_AGGRESSIVE;
				CLANG_WARN_UNREACHABLE_CODE = YES;
				CODE_SIGN_IDENTITY = "iPhone Developer";
				CODE_SIGN_STYLE = Automatic;
				COPY_PHASE_STRIP = NO;
				DEBUG_INFORMATION_FORMAT = "dwarf-with-dsym";
				DEVELOPMENT_TEAM = VZ266K5KCR;
				ENABLE_NS_ASSERTIONS = NO;
				ENABLE_STRICT_OBJC_MSGSEND = YES;
				GCC_C_LANGUAGE_STANDARD = gnu11;
				GCC_NO_COMMON_BLOCKS = YES;
				GCC_SYMBOLS_PRIVATE_EXTERN = NO;
				GCC_WARN_64_TO_32_BIT_CONVERSION = YES;
				GCC_WARN_ABOUT_RETURN_TYPE = YES_ERROR;
				GCC_WARN_UNDECLARED_SELECTOR = YES;
				GCC_WARN_UNINITIALIZED_AUTOS = YES_AGGRESSIVE;
				GCC_WARN_UNUSED_FUNCTION = YES;
				IPHONEOS_DEPLOYMENT_TARGET = 9.0;
				LIBRARY_SEARCH_PATHS = (
					"$(inherited)",
					"$(PROJECT_DIR)/TesseractOCR/lib",
				);
				MTL_ENABLE_DEBUG_INFO = NO;
				MTL_FAST_MATH = YES;
				OTHER_CFLAGS = "-fembed-bitcode";
				OTHER_CPLUSPLUSFLAGS = "$(OTHER_CFLAGS)";
				OTHER_LDFLAGS = "-ObjC";
				PRODUCT_NAME = "$(TARGET_NAME)";
				SKIP_INSTALL = YES;
				STRIP_STYLE = debugging;
				TARGETED_DEVICE_FAMILY = "1,2";
				USER_HEADER_SEARCH_PATHS = "$(PROJECT_DIR)/Tesseract3/**";
				VALID_ARCHS = "$(ARCHS_STANDARD) x86_64 i386";
			};
			name = Release;
		};
		64F74CD5172FD75F0068E657 /* Debug */ = {
			isa = XCBuildConfiguration;
			buildSettings = {
				ALWAYS_SEARCH_USER_PATHS = NO;
				CLANG_CXX_LANGUAGE_STANDARD = "gnu++0x";
				CLANG_CXX_LIBRARY = "compiler-default";
				CLANG_ENABLE_OBJC_ARC = YES;
				CLANG_WARN_BLOCK_CAPTURE_AUTORELEASING = YES;
				CLANG_WARN_BOOL_CONVERSION = YES;
				CLANG_WARN_COMMA = YES;
				CLANG_WARN_CONSTANT_CONVERSION = YES;
				CLANG_WARN_DEPRECATED_OBJC_IMPLEMENTATIONS = YES;
				CLANG_WARN_EMPTY_BODY = YES;
				CLANG_WARN_ENUM_CONVERSION = YES;
				CLANG_WARN_INFINITE_RECURSION = YES;
				CLANG_WARN_INT_CONVERSION = YES;
				CLANG_WARN_NON_LITERAL_NULL_CONVERSION = YES;
				CLANG_WARN_OBJC_IMPLICIT_RETAIN_SELF = YES;
				CLANG_WARN_OBJC_LITERAL_CONVERSION = YES;
				CLANG_WARN_RANGE_LOOP_ANALYSIS = YES;
				CLANG_WARN_STRICT_PROTOTYPES = YES;
				CLANG_WARN_SUSPICIOUS_MOVE = YES;
				CLANG_WARN_UNREACHABLE_CODE = YES;
				CLANG_WARN__DUPLICATE_METHOD_MATCH = YES;
				COPY_PHASE_STRIP = NO;
				ENABLE_STRICT_OBJC_MSGSEND = YES;
				ENABLE_TESTABILITY = YES;
				GCC_C_LANGUAGE_STANDARD = gnu99;
				GCC_DYNAMIC_NO_PIC = NO;
				GCC_GENERATE_TEST_COVERAGE_FILES = NO;
				GCC_INSTRUMENT_PROGRAM_FLOW_ARCS = NO;
				GCC_NO_COMMON_BLOCKS = YES;
				GCC_OPTIMIZATION_LEVEL = 0;
				GCC_PREPROCESSOR_DEFINITIONS = (
					"DEBUG=1",
					"$(inherited)",
				);
				GCC_SYMBOLS_PRIVATE_EXTERN = NO;
				GCC_WARN_64_TO_32_BIT_CONVERSION = YES;
				GCC_WARN_ABOUT_RETURN_TYPE = YES;
				GCC_WARN_UNDECLARED_SELECTOR = YES;
				GCC_WARN_UNINITIALIZED_AUTOS = YES;
				GCC_WARN_UNUSED_FUNCTION = YES;
				GCC_WARN_UNUSED_VARIABLE = YES;
				INFOPLIST_FILE = "";
				IPHONEOS_DEPLOYMENT_TARGET = 8.0;
				ONLY_ACTIVE_ARCH = YES;
				OTHER_LDFLAGS = (
					"-ObjC",
					"-lstdc++",
				);
				SDKROOT = iphoneos;
			};
			name = Debug;
		};
		64F74CD6172FD75F0068E657 /* Release */ = {
			isa = XCBuildConfiguration;
			buildSettings = {
				ALWAYS_SEARCH_USER_PATHS = NO;
				CLANG_CXX_LANGUAGE_STANDARD = "gnu++0x";
				CLANG_CXX_LIBRARY = "compiler-default";
				CLANG_ENABLE_OBJC_ARC = YES;
				CLANG_WARN_BLOCK_CAPTURE_AUTORELEASING = YES;
				CLANG_WARN_BOOL_CONVERSION = YES;
				CLANG_WARN_COMMA = YES;
				CLANG_WARN_CONSTANT_CONVERSION = YES;
				CLANG_WARN_DEPRECATED_OBJC_IMPLEMENTATIONS = YES;
				CLANG_WARN_EMPTY_BODY = YES;
				CLANG_WARN_ENUM_CONVERSION = YES;
				CLANG_WARN_INFINITE_RECURSION = YES;
				CLANG_WARN_INT_CONVERSION = YES;
				CLANG_WARN_NON_LITERAL_NULL_CONVERSION = YES;
				CLANG_WARN_OBJC_IMPLICIT_RETAIN_SELF = YES;
				CLANG_WARN_OBJC_LITERAL_CONVERSION = YES;
				CLANG_WARN_RANGE_LOOP_ANALYSIS = YES;
				CLANG_WARN_STRICT_PROTOTYPES = YES;
				CLANG_WARN_SUSPICIOUS_MOVE = YES;
				CLANG_WARN_UNREACHABLE_CODE = YES;
				CLANG_WARN__DUPLICATE_METHOD_MATCH = YES;
				COPY_PHASE_STRIP = YES;
				ENABLE_STRICT_OBJC_MSGSEND = YES;
				GCC_C_LANGUAGE_STANDARD = gnu99;
				GCC_NO_COMMON_BLOCKS = YES;
				GCC_WARN_64_TO_32_BIT_CONVERSION = YES;
				GCC_WARN_ABOUT_RETURN_TYPE = YES;
				GCC_WARN_UNDECLARED_SELECTOR = YES;
				GCC_WARN_UNINITIALIZED_AUTOS = YES;
				GCC_WARN_UNUSED_FUNCTION = YES;
				GCC_WARN_UNUSED_VARIABLE = YES;
				INFOPLIST_FILE = "";
				IPHONEOS_DEPLOYMENT_TARGET = 8.0;
				OTHER_LDFLAGS = (
					"-ObjC",
					"-lstdc++",
				);
				SDKROOT = iphoneos;
				VALIDATE_PRODUCT = YES;
			};
			name = Release;
		};
		F4EE1C791A612ADC007BB075 /* Coverage */ = {
			isa = XCBuildConfiguration;
			buildSettings = {
				ALWAYS_SEARCH_USER_PATHS = NO;
				CLANG_CXX_LANGUAGE_STANDARD = "gnu++0x";
				CLANG_CXX_LIBRARY = "compiler-default";
				CLANG_ENABLE_OBJC_ARC = YES;
				CLANG_WARN_BLOCK_CAPTURE_AUTORELEASING = YES;
				CLANG_WARN_BOOL_CONVERSION = YES;
				CLANG_WARN_COMMA = YES;
				CLANG_WARN_CONSTANT_CONVERSION = YES;
				CLANG_WARN_DEPRECATED_OBJC_IMPLEMENTATIONS = YES;
				CLANG_WARN_EMPTY_BODY = YES;
				CLANG_WARN_ENUM_CONVERSION = YES;
				CLANG_WARN_INFINITE_RECURSION = YES;
				CLANG_WARN_INT_CONVERSION = YES;
				CLANG_WARN_NON_LITERAL_NULL_CONVERSION = YES;
				CLANG_WARN_OBJC_IMPLICIT_RETAIN_SELF = YES;
				CLANG_WARN_OBJC_LITERAL_CONVERSION = YES;
				CLANG_WARN_RANGE_LOOP_ANALYSIS = YES;
				CLANG_WARN_STRICT_PROTOTYPES = YES;
				CLANG_WARN_SUSPICIOUS_MOVE = YES;
				CLANG_WARN_UNREACHABLE_CODE = YES;
				CLANG_WARN__DUPLICATE_METHOD_MATCH = YES;
				COPY_PHASE_STRIP = NO;
				ENABLE_STRICT_OBJC_MSGSEND = YES;
				GCC_C_LANGUAGE_STANDARD = gnu99;
				GCC_DYNAMIC_NO_PIC = NO;
				GCC_GENERATE_TEST_COVERAGE_FILES = YES;
				GCC_INSTRUMENT_PROGRAM_FLOW_ARCS = YES;
				GCC_NO_COMMON_BLOCKS = YES;
				GCC_OPTIMIZATION_LEVEL = 0;
				GCC_PREPROCESSOR_DEFINITIONS = (
					"DEBUG=1",
					"$(inherited)",
				);
				GCC_SYMBOLS_PRIVATE_EXTERN = NO;
				GCC_WARN_64_TO_32_BIT_CONVERSION = YES;
				GCC_WARN_ABOUT_RETURN_TYPE = YES;
				GCC_WARN_UNDECLARED_SELECTOR = YES;
				GCC_WARN_UNINITIALIZED_AUTOS = YES;
				GCC_WARN_UNUSED_FUNCTION = YES;
				GCC_WARN_UNUSED_VARIABLE = YES;
				INFOPLIST_FILE = "";
				IPHONEOS_DEPLOYMENT_TARGET = 8.0;
				ONLY_ACTIVE_ARCH = YES;
				OTHER_LDFLAGS = (
					"-ObjC",
					"-lstdc++",
				);
				SDKROOT = iphoneos;
			};
			name = Coverage;
		};
/* End XCBuildConfiguration section */

/* Begin XCConfigurationList section */
		085A54572216D6CC00183FD3 /* Build configuration list for PBXNativeTarget "g8Tesseract" */ = {
			isa = XCConfigurationList;
			buildConfigurations = (
				085A54582216D6CC00183FD3 /* Debug */,
				085A54592216D6CC00183FD3 /* Coverage */,
				085A545A2216D6CC00183FD3 /* Release */,
			);
			defaultConfigurationIsVisible = 0;
			defaultConfigurationName = Release;
		};
		64F74CC4172FD75F0068E657 /* Build configuration list for PBXProject "Tesseract OCR iOS" */ = {
			isa = XCConfigurationList;
			buildConfigurations = (
				64F74CD5172FD75F0068E657 /* Debug */,
				F4EE1C791A612ADC007BB075 /* Coverage */,
				64F74CD6172FD75F0068E657 /* Release */,
			);
			defaultConfigurationIsVisible = 0;
			defaultConfigurationName = Release;
		};
/* End XCConfigurationList section */
	};
	rootObject = 64F74CC1172FD75F0068E657 /* Project object */;
}
